PODS:
  - Alamofire (4.9.1)
  - GoogleMaps (3.5.0):
    - GoogleMaps/Maps (= 3.5.0)
  - GoogleMaps/Base (3.5.0)
  - GoogleMaps/Maps (3.5.0):
    - GoogleMaps/Base
  - GooglePlaces (3.5.0):
    - GoogleMaps/Base (= 3.5.0)
  - SwiftyJSON (5.0.0)

DEPENDENCIES:
  - Alamofire
  - GoogleMaps
  - GooglePlaces
  - SwiftyJSON

SPEC REPOS:
  trunk:
    - Alamofire
    - GoogleMaps
    - GooglePlaces
    - SwiftyJSON

SPEC CHECKSUMS:
  Alamofire: 85e8a02c69d6020a0d734f6054870d7ecb75cf18
  GoogleMaps: 32ca02de09de357a10ac773f2c70f1986751392d
  GooglePlaces: be6f19fe8aa6ff0b5bcccfa1b8805cc977ea1450
  SwiftyJSON: 36413e04c44ee145039d332b4f4e2d3e8d6c4db7

PODFILE CHECKSUM: cde50ee589ddb76a92f9f061d5438ef2a8bff80e

COCOAPODS: 1.8.3
