// !$*UTF8*$!
{
	archiveVersion = 1;
	classes = {
	};
	objectVersion = 51;
	objects = {

/* Begin PBXBuildFile section */
		71810F6B33C65554F8624BEB /* Pods_Walking_and_Talking_Walking_and_TalkingUITests.framework in Frameworks */ = {isa = PBXBuildFile; fileRef = B5DFD19014C2AAAB4EC4575A /* Pods_Walking_and_Talking_Walking_and_TalkingUITests.framework */; };
		8F7CD63DC3BFEDBE639DDCED /* Pods_Walking_and_Talking.framework in Frameworks */ = {isa = PBXBuildFile; fileRef = 84EC7D14077E95E43EAA2096 /* Pods_Walking_and_Talking.framework */; };
		C412F876237047E100B23460 /* BaseNearViewController.swift in Sources */ = {isa = PBXBuildFile; fileRef = C412F875237047E100B23460 /* BaseNearViewController.swift */; };
		C424F508236B2A5900B547E0 /* SavedTableViewCell.swift in Sources */ = {isa = PBXBuildFile; fileRef = C424F507236B2A5900B547E0 /* SavedTableViewCell.swift */; };
		C424F50A236B2A6800B547E0 /* NearTableViewCell.swift in Sources */ = {isa = PBXBuildFile; fileRef = C424F509236B2A6800B547E0 /* NearTableViewCell.swift */; };
		C47C80FA235F3CF6005E4808 /* AppDelegate.swift in Sources */ = {isa = PBXBuildFile; fileRef = C47C80F9235F3CF6005E4808 /* AppDelegate.swift */; };
		C47C80FC235F3CF6005E4808 /* SceneDelegate.swift in Sources */ = {isa = PBXBuildFile; fileRef = C47C80FB235F3CF6005E4808 /* SceneDelegate.swift */; };
		C47C80FE235F3CF6005E4808 /* LocationViewController.swift in Sources */ = {isa = PBXBuildFile; fileRef = C47C80FD235F3CF6005E4808 /* LocationViewController.swift */; };
		C47C8100235F3CF6005E4808 /* MapViewController.swift in Sources */ = {isa = PBXBuildFile; fileRef = C47C80FF235F3CF6005E4808 /* MapViewController.swift */; };
		C47C8103235F3CF6005E4808 /* Main.storyboard in Resources */ = {isa = PBXBuildFile; fileRef = C47C8101235F3CF6005E4808 /* Main.storyboard */; };
		C47C8105235F3D00005E4808 /* Assets.xcassets in Resources */ = {isa = PBXBuildFile; fileRef = C47C8104235F3D00005E4808 /* Assets.xcassets */; };
		C47C8108235F3D00005E4808 /* LaunchScreen.storyboard in Resources */ = {isa = PBXBuildFile; fileRef = C47C8106235F3D00005E4808 /* LaunchScreen.storyboard */; };
		C47C8113235F3D01005E4808 /* Walking_and_TalkingTests.swift in Sources */ = {isa = PBXBuildFile; fileRef = C47C8112235F3D01005E4808 /* Walking_and_TalkingTests.swift */; };
		C47C811E235F3D01005E4808 /* Walking_and_TalkingUITests.swift in Sources */ = {isa = PBXBuildFile; fileRef = C47C811D235F3D01005E4808 /* Walking_and_TalkingUITests.swift */; };
		C4B2FA3B236E090B0004D813 /* NearYouViewController.swift in Sources */ = {isa = PBXBuildFile; fileRef = C4B2FA3A236E090B0004D813 /* NearYouViewController.swift */; };
		C4D0602B2370C70C00F2A040 /* LocationTableViewCell.swift in Sources */ = {isa = PBXBuildFile; fileRef = C4D0602A2370C70C00F2A040 /* LocationTableViewCell.swift */; };
		CF8D1A110B78F19C78DC8133 /* Pods_Walking_and_TalkingTests.framework in Frameworks */ = {isa = PBXBuildFile; fileRef = 73FD7758B219238C96BC94FB /* Pods_Walking_and_TalkingTests.framework */; };
/* End PBXBuildFile section */

/* Begin PBXContainerItemProxy section */
		C47C810F235F3D01005E4808 /* PBXContainerItemProxy */ = {
			isa = PBXContainerItemProxy;
			containerPortal = C47C80EE235F3CF6005E4808 /* Project object */;
			proxyType = 1;
			remoteGlobalIDString = C47C80F5235F3CF6005E4808;
			remoteInfo = "Walking and Talking";
		};
		C47C811A235F3D01005E4808 /* PBXContainerItemProxy */ = {
			isa = PBXContainerItemProxy;
			containerPortal = C47C80EE235F3CF6005E4808 /* Project object */;
			proxyType = 1;
			remoteGlobalIDString = C47C80F5235F3CF6005E4808;
			remoteInfo = "Walking and Talking";
		};
/* End PBXContainerItemProxy section */

/* Begin PBXFileReference section */
		09F8451F936FEA073F30CE6F /* Pods-Walking and Talking.debug.xcconfig */ = {isa = PBXFileReference; includeInIndex = 1; lastKnownFileType = text.xcconfig; name = "Pods-Walking and Talking.debug.xcconfig"; path = "Target Support Files/Pods-Walking and Talking/Pods-Walking and Talking.debug.xcconfig"; sourceTree = "<group>"; };
		17D52C66494EC7CF949B7AFB /* Pods-Walking and TalkingTests.release.xcconfig */ = {isa = PBXFileReference; includeInIndex = 1; lastKnownFileType = text.xcconfig; name = "Pods-Walking and TalkingTests.release.xcconfig"; path = "Target Support Files/Pods-Walking and TalkingTests/Pods-Walking and TalkingTests.release.xcconfig"; sourceTree = "<group>"; };
		22F1B769D59801FADA9141BA /* Pods-Walking and TalkingTests.debug.xcconfig */ = {isa = PBXFileReference; includeInIndex = 1; lastKnownFileType = text.xcconfig; name = "Pods-Walking and TalkingTests.debug.xcconfig"; path = "Target Support Files/Pods-Walking and TalkingTests/Pods-Walking and TalkingTests.debug.xcconfig"; sourceTree = "<group>"; };
		73FD7758B219238C96BC94FB /* Pods_Walking_and_TalkingTests.framework */ = {isa = PBXFileReference; explicitFileType = wrapper.framework; includeInIndex = 0; path = Pods_Walking_and_TalkingTests.framework; sourceTree = BUILT_PRODUCTS_DIR; };
		7927A640DB542E946E42DF42 /* Pods-Walking and Talking-Walking and TalkingUITests.debug.xcconfig */ = {isa = PBXFileReference; includeInIndex = 1; lastKnownFileType = text.xcconfig; name = "Pods-Walking and Talking-Walking and TalkingUITests.debug.xcconfig"; path = "Target Support Files/Pods-Walking and Talking-Walking and TalkingUITests/Pods-Walking and Talking-Walking and TalkingUITests.debug.xcconfig"; sourceTree = "<group>"; };
		7FE1F3BAD32ED8EEAB03AB57 /* Pods-Walking and Talking-Walking and TalkingUITests.release.xcconfig */ = {isa = PBXFileReference; includeInIndex = 1; lastKnownFileType = text.xcconfig; name = "Pods-Walking and Talking-Walking and TalkingUITests.release.xcconfig"; path = "Target Support Files/Pods-Walking and Talking-Walking and TalkingUITests/Pods-Walking and Talking-Walking and TalkingUITests.release.xcconfig"; sourceTree = "<group>"; };
		84EC7D14077E95E43EAA2096 /* Pods_Walking_and_Talking.framework */ = {isa = PBXFileReference; explicitFileType = wrapper.framework; includeInIndex = 0; path = Pods_Walking_and_Talking.framework; sourceTree = BUILT_PRODUCTS_DIR; };
		B5DFD19014C2AAAB4EC4575A /* Pods_Walking_and_Talking_Walking_and_TalkingUITests.framework */ = {isa = PBXFileReference; explicitFileType = wrapper.framework; includeInIndex = 0; path = Pods_Walking_and_Talking_Walking_and_TalkingUITests.framework; sourceTree = BUILT_PRODUCTS_DIR; };
		C412F875237047E100B23460 /* BaseNearViewController.swift */ = {isa = PBXFileReference; lastKnownFileType = sourcecode.swift; path = BaseNearViewController.swift; sourceTree = "<group>"; };
		C424F507236B2A5900B547E0 /* SavedTableViewCell.swift */ = {isa = PBXFileReference; lastKnownFileType = sourcecode.swift; path = SavedTableViewCell.swift; sourceTree = "<group>"; };
		C424F509236B2A6800B547E0 /* NearTableViewCell.swift */ = {isa = PBXFileReference; lastKnownFileType = sourcecode.swift; path = NearTableViewCell.swift; sourceTree = "<group>"; };
		C47C80F6235F3CF6005E4808 /* Walking and Talking.app */ = {isa = PBXFileReference; explicitFileType = wrapper.application; includeInIndex = 0; path = "Walking and Talking.app"; sourceTree = BUILT_PRODUCTS_DIR; };
		C47C80F9235F3CF6005E4808 /* AppDelegate.swift */ = {isa = PBXFileReference; lastKnownFileType = sourcecode.swift; path = AppDelegate.swift; sourceTree = "<group>"; };
		C47C80FB235F3CF6005E4808 /* SceneDelegate.swift */ = {isa = PBXFileReference; lastKnownFileType = sourcecode.swift; path = SceneDelegate.swift; sourceTree = "<group>"; };
		C47C80FD235F3CF6005E4808 /* LocationViewController.swift */ = {isa = PBXFileReference; lastKnownFileType = sourcecode.swift; path = LocationViewController.swift; sourceTree = "<group>"; };
		C47C80FF235F3CF6005E4808 /* MapViewController.swift */ = {isa = PBXFileReference; lastKnownFileType = sourcecode.swift; path = MapViewController.swift; sourceTree = "<group>"; };
		C47C8102235F3CF6005E4808 /* Base */ = {isa = PBXFileReference; lastKnownFileType = file.storyboard; name = Base; path = Base.lproj/Main.storyboard; sourceTree = "<group>"; };
		C47C8104235F3D00005E4808 /* Assets.xcassets */ = {isa = PBXFileReference; lastKnownFileType = folder.assetcatalog; path = Assets.xcassets; sourceTree = "<group>"; };
		C47C8107235F3D00005E4808 /* Base */ = {isa = PBXFileReference; lastKnownFileType = file.storyboard; name = Base; path = Base.lproj/LaunchScreen.storyboard; sourceTree = "<group>"; };
		C47C8109235F3D00005E4808 /* Info.plist */ = {isa = PBXFileReference; lastKnownFileType = text.plist.xml; path = Info.plist; sourceTree = "<group>"; };
		C47C810E235F3D00005E4808 /* Walking and TalkingTests.xctest */ = {isa = PBXFileReference; explicitFileType = wrapper.cfbundle; includeInIndex = 0; path = "Walking and TalkingTests.xctest"; sourceTree = BUILT_PRODUCTS_DIR; };
		C47C8112235F3D01005E4808 /* Walking_and_TalkingTests.swift */ = {isa = PBXFileReference; lastKnownFileType = sourcecode.swift; path = Walking_and_TalkingTests.swift; sourceTree = "<group>"; };
		C47C8114235F3D01005E4808 /* Info.plist */ = {isa = PBXFileReference; lastKnownFileType = text.plist.xml; path = Info.plist; sourceTree = "<group>"; };
		C47C8119235F3D01005E4808 /* Walking and TalkingUITests.xctest */ = {isa = PBXFileReference; explicitFileType = wrapper.cfbundle; includeInIndex = 0; path = "Walking and TalkingUITests.xctest"; sourceTree = BUILT_PRODUCTS_DIR; };
		C47C811D235F3D01005E4808 /* Walking_and_TalkingUITests.swift */ = {isa = PBXFileReference; lastKnownFileType = sourcecode.swift; path = Walking_and_TalkingUITests.swift; sourceTree = "<group>"; };
		C47C811F235F3D01005E4808 /* Info.plist */ = {isa = PBXFileReference; lastKnownFileType = text.plist.xml; path = Info.plist; sourceTree = "<group>"; };
		C4B2FA3A236E090B0004D813 /* NearYouViewController.swift */ = {isa = PBXFileReference; lastKnownFileType = sourcecode.swift; path = NearYouViewController.swift; sourceTree = "<group>"; };
		C4D0602A2370C70C00F2A040 /* LocationTableViewCell.swift */ = {isa = PBXFileReference; lastKnownFileType = sourcecode.swift; path = LocationTableViewCell.swift; sourceTree = "<group>"; };
		CB48AAFD4E37B80EDC7CBF0B /* Pods-Walking and Talking.release.xcconfig */ = {isa = PBXFileReference; includeInIndex = 1; lastKnownFileType = text.xcconfig; name = "Pods-Walking and Talking.release.xcconfig"; path = "Target Support Files/Pods-Walking and Talking/Pods-Walking and Talking.release.xcconfig"; sourceTree = "<group>"; };
/* End PBXFileReference section */

/* Begin PBXFrameworksBuildPhase section */
		C47C80F3235F3CF6005E4808 /* Frameworks */ = {
			isa = PBXFrameworksBuildPhase;
			buildActionMask = 2147483647;
			files = (
				8F7CD63DC3BFEDBE639DDCED /* Pods_Walking_and_Talking.framework in Frameworks */,
			);
			runOnlyForDeploymentPostprocessing = 0;
		};
		C47C810B235F3D00005E4808 /* Frameworks */ = {
			isa = PBXFrameworksBuildPhase;
			buildActionMask = 2147483647;
			files = (
				CF8D1A110B78F19C78DC8133 /* Pods_Walking_and_TalkingTests.framework in Frameworks */,
			);
			runOnlyForDeploymentPostprocessing = 0;
		};
		C47C8116235F3D01005E4808 /* Frameworks */ = {
			isa = PBXFrameworksBuildPhase;
			buildActionMask = 2147483647;
			files = (
				71810F6B33C65554F8624BEB /* Pods_Walking_and_Talking_Walking_and_TalkingUITests.framework in Frameworks */,
			);
			runOnlyForDeploymentPostprocessing = 0;
		};
/* End PBXFrameworksBuildPhase section */

/* Begin PBXGroup section */
		04AAA8AB6CC697A09070FC9A /* Pods */ = {
			isa = PBXGroup;
			children = (
				09F8451F936FEA073F30CE6F /* Pods-Walking and Talking.debug.xcconfig */,
				CB48AAFD4E37B80EDC7CBF0B /* Pods-Walking and Talking.release.xcconfig */,
				7927A640DB542E946E42DF42 /* Pods-Walking and Talking-Walking and TalkingUITests.debug.xcconfig */,
				7FE1F3BAD32ED8EEAB03AB57 /* Pods-Walking and Talking-Walking and TalkingUITests.release.xcconfig */,
				22F1B769D59801FADA9141BA /* Pods-Walking and TalkingTests.debug.xcconfig */,
				17D52C66494EC7CF949B7AFB /* Pods-Walking and TalkingTests.release.xcconfig */,
			);
			path = Pods;
			sourceTree = "<group>";
		};
		C47C80ED235F3CF6005E4808 = {
			isa = PBXGroup;
			children = (
				C47C80F8235F3CF6005E4808 /* Walking and Talking */,
				C47C8111235F3D01005E4808 /* Walking and TalkingTests */,
				C47C811C235F3D01005E4808 /* Walking and TalkingUITests */,
				C47C80F7235F3CF6005E4808 /* Products */,
				04AAA8AB6CC697A09070FC9A /* Pods */,
				D7B8CFF35B35D8976DD72CA4 /* Frameworks */,
			);
			sourceTree = "<group>";
		};
		C47C80F7235F3CF6005E4808 /* Products */ = {
			isa = PBXGroup;
			children = (
				C47C80F6235F3CF6005E4808 /* Walking and Talking.app */,
				C47C810E235F3D00005E4808 /* Walking and TalkingTests.xctest */,
				C47C8119235F3D01005E4808 /* Walking and TalkingUITests.xctest */,
			);
			name = Products;
			sourceTree = "<group>";
		};
		C47C80F8235F3CF6005E4808 /* Walking and Talking */ = {
			isa = PBXGroup;
			children = (
				C47C80F9235F3CF6005E4808 /* AppDelegate.swift */,
				C47C80FB235F3CF6005E4808 /* SceneDelegate.swift */,
				C47C80FD235F3CF6005E4808 /* LocationViewController.swift */,
				C424F507236B2A5900B547E0 /* SavedTableViewCell.swift */,
				C424F509236B2A6800B547E0 /* NearTableViewCell.swift */,
				C47C80FF235F3CF6005E4808 /* MapViewController.swift */,
				C47C8101235F3CF6005E4808 /* Main.storyboard */,
				C4D0602A2370C70C00F2A040 /* LocationTableViewCell.swift */,
				C412F875237047E100B23460 /* BaseNearViewController.swift */,
				C4B2FA3A236E090B0004D813 /* NearYouViewController.swift */,
				C47C8104235F3D00005E4808 /* Assets.xcassets */,
				C47C8106235F3D00005E4808 /* LaunchScreen.storyboard */,
				C47C8109235F3D00005E4808 /* Info.plist */,
			);
			path = "Walking and Talking";
			sourceTree = "<group>";
		};
		C47C8111235F3D01005E4808 /* Walking and TalkingTests */ = {
			isa = PBXGroup;
			children = (
				C47C8112235F3D01005E4808 /* Walking_and_TalkingTests.swift */,
				C47C8114235F3D01005E4808 /* Info.plist */,
			);
			path = "Walking and TalkingTests";
			sourceTree = "<group>";
		};
		C47C811C235F3D01005E4808 /* Walking and TalkingUITests */ = {
			isa = PBXGroup;
			children = (
				C47C811D235F3D01005E4808 /* Walking_and_TalkingUITests.swift */,
				C47C811F235F3D01005E4808 /* Info.plist */,
			);
			path = "Walking and TalkingUITests";
			sourceTree = "<group>";
		};
		D7B8CFF35B35D8976DD72CA4 /* Frameworks */ = {
			isa = PBXGroup;
			children = (
				84EC7D14077E95E43EAA2096 /* Pods_Walking_and_Talking.framework */,
				B5DFD19014C2AAAB4EC4575A /* Pods_Walking_and_Talking_Walking_and_TalkingUITests.framework */,
				73FD7758B219238C96BC94FB /* Pods_Walking_and_TalkingTests.framework */,
			);
			name = Frameworks;
			sourceTree = "<group>";
		};
/* End PBXGroup section */

/* Begin PBXNativeTarget section */
		C47C80F5235F3CF6005E4808 /* Walking and Talking */ = {
			isa = PBXNativeTarget;
			buildConfigurationList = C47C8122235F3D01005E4808 /* Build configuration list for PBXNativeTarget "Walking and Talking" */;
			buildPhases = (
				C9EF9BCC2EF2B8A17EAAE575 /* [CP] Check Pods Manifest.lock */,
				C47C80F2235F3CF6005E4808 /* Sources */,
				C47C80F3235F3CF6005E4808 /* Frameworks */,
				C47C80F4235F3CF6005E4808 /* Resources */,
				C2B9AED5AF865CC332167C58 /* [CP] Copy Pods Resources */,
			);
			buildRules = (
			);
			dependencies = (
			);
			name = "Walking and Talking";
			productName = "Walking and Talking";
			productReference = C47C80F6235F3CF6005E4808 /* Walking and Talking.app */;
			productType = "com.apple.product-type.application";
		};
		C47C810D235F3D00005E4808 /* Walking and TalkingTests */ = {
			isa = PBXNativeTarget;
			buildConfigurationList = C47C8125235F3D01005E4808 /* Build configuration list for PBXNativeTarget "Walking and TalkingTests" */;
			buildPhases = (
				66B34F6939048181C962309E /* [CP] Check Pods Manifest.lock */,
				C47C810A235F3D00005E4808 /* Sources */,
				C47C810B235F3D00005E4808 /* Frameworks */,
				C47C810C235F3D00005E4808 /* Resources */,
			);
			buildRules = (
			);
			dependencies = (
				C47C8110235F3D01005E4808 /* PBXTargetDependency */,
			);
			name = "Walking and TalkingTests";
			productName = "Walking and TalkingTests";
			productReference = C47C810E235F3D00005E4808 /* Walking and TalkingTests.xctest */;
			productType = "com.apple.product-type.bundle.unit-test";
		};
		C47C8118235F3D01005E4808 /* Walking and TalkingUITests */ = {
			isa = PBXNativeTarget;
			buildConfigurationList = C47C8128235F3D01005E4808 /* Build configuration list for PBXNativeTarget "Walking and TalkingUITests" */;
			buildPhases = (
				4DBF930DC2B7EEE55793FE52 /* [CP] Check Pods Manifest.lock */,
				C47C8115235F3D01005E4808 /* Sources */,
				C47C8116235F3D01005E4808 /* Frameworks */,
				C47C8117235F3D01005E4808 /* Resources */,
				B559992E42E4373CEF53100E /* [CP] Copy Pods Resources */,
			);
			buildRules = (
			);
			dependencies = (
				C47C811B235F3D01005E4808 /* PBXTargetDependency */,
			);
			name = "Walking and TalkingUITests";
			productName = "Walking and TalkingUITests";
			productReference = C47C8119235F3D01005E4808 /* Walking and TalkingUITests.xctest */;
			productType = "com.apple.product-type.bundle.ui-testing";
		};
/* End PBXNativeTarget section */

/* Begin PBXProject section */
		C47C80EE235F3CF6005E4808 /* Project object */ = {
			isa = PBXProject;
			attributes = {
				LastSwiftUpdateCheck = 1110;
				LastUpgradeCheck = 1110;
				ORGANIZATIONNAME = "Kieran Waugh";
				TargetAttributes = {
					C47C80F5235F3CF6005E4808 = {
						CreatedOnToolsVersion = 11.1;
					};
					C47C810D235F3D00005E4808 = {
						CreatedOnToolsVersion = 11.1;
						TestTargetID = C47C80F5235F3CF6005E4808;
					};
					C47C8118235F3D01005E4808 = {
						CreatedOnToolsVersion = 11.1;
						TestTargetID = C47C80F5235F3CF6005E4808;
					};
				};
			};
			buildConfigurationList = C47C80F1235F3CF6005E4808 /* Build configuration list for PBXProject "Walking and Talking" */;
			compatibilityVersion = "Xcode 9.3";
			developmentRegion = en;
			hasScannedForEncodings = 0;
			knownRegions = (
				en,
				Base,
			);
			mainGroup = C47C80ED235F3CF6005E4808;
			productRefGroup = C47C80F7235F3CF6005E4808 /* Products */;
			projectDirPath = "";
			projectRoot = "";
			targets = (
				C47C80F5235F3CF6005E4808 /* Walking and Talking */,
				C47C810D235F3D00005E4808 /* Walking and TalkingTests */,
				C47C8118235F3D01005E4808 /* Walking and TalkingUITests */,
			);
		};
/* End PBXProject section */

/* Begin PBXResourcesBuildPhase section */
		C47C80F4235F3CF6005E4808 /* Resources */ = {
			isa = PBXResourcesBuildPhase;
			buildActionMask = 2147483647;
			files = (
				C47C8108235F3D00005E4808 /* LaunchScreen.storyboard in Resources */,
				C47C8105235F3D00005E4808 /* Assets.xcassets in Resources */,
				C47C8103235F3CF6005E4808 /* Main.storyboard in Resources */,
			);
			runOnlyForDeploymentPostprocessing = 0;
		};
		C47C810C235F3D00005E4808 /* Resources */ = {
			isa = PBXResourcesBuildPhase;
			buildActionMask = 2147483647;
			files = (
			);
			runOnlyForDeploymentPostprocessing = 0;
		};
		C47C8117235F3D01005E4808 /* Resources */ = {
			isa = PBXResourcesBuildPhase;
			buildActionMask = 2147483647;
			files = (
			);
			runOnlyForDeploymentPostprocessing = 0;
		};
/* End PBXResourcesBuildPhase section */

/* Begin PBXShellScriptBuildPhase section */
		4DBF930DC2B7EEE55793FE52 /* [CP] Check Pods Manifest.lock */ = {
			isa = PBXShellScriptBuildPhase;
			buildActionMask = 2147483647;
			files = (
			);
			inputFileListPaths = (
			);
			inputPaths = (
				"${PODS_PODFILE_DIR_PATH}/Podfile.lock",
				"${PODS_ROOT}/Manifest.lock",
			);
			name = "[CP] Check Pods Manifest.lock";
			outputFileListPaths = (
			);
			outputPaths = (
				"$(DERIVED_FILE_DIR)/Pods-Walking and Talking-Walking and TalkingUITests-checkManifestLockResult.txt",
			);
			runOnlyForDeploymentPostprocessing = 0;
			shellPath = /bin/sh;
			shellScript = "diff \"${PODS_PODFILE_DIR_PATH}/Podfile.lock\" \"${PODS_ROOT}/Manifest.lock\" > /dev/null\nif [ $? != 0 ] ; then\n    # print error to STDERR\n    echo \"error: The sandbox is not in sync with the Podfile.lock. Run 'pod install' or update your CocoaPods installation.\" >&2\n    exit 1\nfi\n# This output is used by Xcode 'outputs' to avoid re-running this script phase.\necho \"SUCCESS\" > \"${SCRIPT_OUTPUT_FILE_0}\"\n";
			showEnvVarsInLog = 0;
		};
		66B34F6939048181C962309E /* [CP] Check Pods Manifest.lock */ = {
			isa = PBXShellScriptBuildPhase;
			buildActionMask = 2147483647;
			files = (
			);
			inputFileListPaths = (
			);
			inputPaths = (
				"${PODS_PODFILE_DIR_PATH}/Podfile.lock",
				"${PODS_ROOT}/Manifest.lock",
			);
			name = "[CP] Check Pods Manifest.lock";
			outputFileListPaths = (
			);
			outputPaths = (
				"$(DERIVED_FILE_DIR)/Pods-Walking and TalkingTests-checkManifestLockResult.txt",
			);
			runOnlyForDeploymentPostprocessing = 0;
			shellPath = /bin/sh;
			shellScript = "diff \"${PODS_PODFILE_DIR_PATH}/Podfile.lock\" \"${PODS_ROOT}/Manifest.lock\" > /dev/null\nif [ $? != 0 ] ; then\n    # print error to STDERR\n    echo \"error: The sandbox is not in sync with the Podfile.lock. Run 'pod install' or update your CocoaPods installation.\" >&2\n    exit 1\nfi\n# This output is used by Xcode 'outputs' to avoid re-running this script phase.\necho \"SUCCESS\" > \"${SCRIPT_OUTPUT_FILE_0}\"\n";
			showEnvVarsInLog = 0;
		};
		B559992E42E4373CEF53100E /* [CP] Copy Pods Resources */ = {
			isa = PBXShellScriptBuildPhase;
			buildActionMask = 2147483647;
			files = (
			);
			inputFileListPaths = (
				"${PODS_ROOT}/Target Support Files/Pods-Walking and Talking-Walking and TalkingUITests/Pods-Walking and Talking-Walking and TalkingUITests-resources-${CONFIGURATION}-input-files.xcfilelist",
			);
			name = "[CP] Copy Pods Resources";
			outputFileListPaths = (
				"${PODS_ROOT}/Target Support Files/Pods-Walking and Talking-Walking and TalkingUITests/Pods-Walking and Talking-Walking and TalkingUITests-resources-${CONFIGURATION}-output-files.xcfilelist",
			);
			runOnlyForDeploymentPostprocessing = 0;
			shellPath = /bin/sh;
			shellScript = "\"${PODS_ROOT}/Target Support Files/Pods-Walking and Talking-Walking and TalkingUITests/Pods-Walking and Talking-Walking and TalkingUITests-resources.sh\"\n";
			showEnvVarsInLog = 0;
		};
		C2B9AED5AF865CC332167C58 /* [CP] Copy Pods Resources */ = {
			isa = PBXShellScriptBuildPhase;
			buildActionMask = 2147483647;
			files = (
			);
			inputFileListPaths = (
				"${PODS_ROOT}/Target Support Files/Pods-Walking and Talking/Pods-Walking and Talking-resources-${CONFIGURATION}-input-files.xcfilelist",
			);
			name = "[CP] Copy Pods Resources";
			outputFileListPaths = (
				"${PODS_ROOT}/Target Support Files/Pods-Walking and Talking/Pods-Walking and Talking-resources-${CONFIGURATION}-output-files.xcfilelist",
			);
			runOnlyForDeploymentPostprocessing = 0;
			shellPath = /bin/sh;
			shellScript = "\"${PODS_ROOT}/Target Support Files/Pods-Walking and Talking/Pods-Walking and Talking-resources.sh\"\n";
			showEnvVarsInLog = 0;
		};
		C9EF9BCC2EF2B8A17EAAE575 /* [CP] Check Pods Manifest.lock */ = {
			isa = PBXShellScriptBuildPhase;
			buildActionMask = 2147483647;
			files = (
			);
			inputFileListPaths = (
			);
			inputPaths = (
				"${PODS_PODFILE_DIR_PATH}/Podfile.lock",
				"${PODS_ROOT}/Manifest.lock",
			);
			name = "[CP] Check Pods Manifest.lock";
			outputFileListPaths = (
			);
			outputPaths = (
				"$(DERIVED_FILE_DIR)/Pods-Walking and Talking-checkManifestLockResult.txt",
			);
			runOnlyForDeploymentPostprocessing = 0;
			shellPath = /bin/sh;
			shellScript = "diff \"${PODS_PODFILE_DIR_PATH}/Podfile.lock\" \"${PODS_ROOT}/Manifest.lock\" > /dev/null\nif [ $? != 0 ] ; then\n    # print error to STDERR\n    echo \"error: The sandbox is not in sync with the Podfile.lock. Run 'pod install' or update your CocoaPods installation.\" >&2\n    exit 1\nfi\n# This output is used by Xcode 'outputs' to avoid re-running this script phase.\necho \"SUCCESS\" > \"${SCRIPT_OUTPUT_FILE_0}\"\n";
			showEnvVarsInLog = 0;
		};
/* End PBXShellScriptBuildPhase section */

/* Begin PBXSourcesBuildPhase section */
		C47C80F2235F3CF6005E4808 /* Sources */ = {
			isa = PBXSourcesBuildPhase;
			buildActionMask = 2147483647;
			files = (
				C47C8100235F3CF6005E4808 /* MapViewController.swift in Sources */,
				C424F50A236B2A6800B547E0 /* NearTableViewCell.swift in Sources */,
				C47C80FE235F3CF6005E4808 /* LocationViewController.swift in Sources */,
				C4D0602B2370C70C00F2A040 /* LocationTableViewCell.swift in Sources */,
				C47C80FA235F3CF6005E4808 /* AppDelegate.swift in Sources */,
				C4B2FA3B236E090B0004D813 /* NearYouViewController.swift in Sources */,
				C424F508236B2A5900B547E0 /* SavedTableViewCell.swift in Sources */,
				C47C80FC235F3CF6005E4808 /* SceneDelegate.swift in Sources */,
				C412F876237047E100B23460 /* BaseNearViewController.swift in Sources */,
			);
			runOnlyForDeploymentPostprocessing = 0;
		};
		C47C810A235F3D00005E4808 /* Sources */ = {
			isa = PBXSourcesBuildPhase;
			buildActionMask = 2147483647;
			files = (
				C47C8113235F3D01005E4808 /* Walking_and_TalkingTests.swift in Sources */,
			);
			runOnlyForDeploymentPostprocessing = 0;
		};
		C47C8115235F3D01005E4808 /* Sources */ = {
			isa = PBXSourcesBuildPhase;
			buildActionMask = 2147483647;
			files = (
				C47C811E235F3D01005E4808 /* Walking_and_TalkingUITests.swift in Sources */,
			);
			runOnlyForDeploymentPostprocessing = 0;
		};
/* End PBXSourcesBuildPhase section */

/* Begin PBXTargetDependency section */
		C47C8110235F3D01005E4808 /* PBXTargetDependency */ = {
			isa = PBXTargetDependency;
			target = C47C80F5235F3CF6005E4808 /* Walking and Talking */;
			targetProxy = C47C810F235F3D01005E4808 /* PBXContainerItemProxy */;
		};
		C47C811B235F3D01005E4808 /* PBXTargetDependency */ = {
			isa = PBXTargetDependency;
			target = C47C80F5235F3CF6005E4808 /* Walking and Talking */;
			targetProxy = C47C811A235F3D01005E4808 /* PBXContainerItemProxy */;
		};
/* End PBXTargetDependency section */

/* Begin PBXVariantGroup section */
		C47C8101235F3CF6005E4808 /* Main.storyboard */ = {
			isa = PBXVariantGroup;
			children = (
				C47C8102235F3CF6005E4808 /* Base */,
			);
			name = Main.storyboard;
			sourceTree = "<group>";
		};
		C47C8106235F3D00005E4808 /* LaunchScreen.storyboard */ = {
			isa = PBXVariantGroup;
			children = (
				C47C8107235F3D00005E4808 /* Base */,
			);
			name = LaunchScreen.storyboard;
			sourceTree = "<group>";
		};
/* End PBXVariantGroup section */

/* Begin XCBuildConfiguration section */
		C47C8120235F3D01005E4808 /* Debug */ = {
			isa = XCBuildConfiguration;
			buildSettings = {
				ALWAYS_SEARCH_USER_PATHS = NO;
				CLANG_ANALYZER_NONNULL = YES;
				CLANG_ANALYZER_NUMBER_OBJECT_CONVERSION = YES_AGGRESSIVE;
				CLANG_CXX_LANGUAGE_STANDARD = "gnu++14";
				CLANG_CXX_LIBRARY = "libc++";
				CLANG_ENABLE_MODULES = YES;
				CLANG_ENABLE_OBJC_ARC = YES;
				CLANG_ENABLE_OBJC_WEAK = YES;
				CLANG_WARN_BLOCK_CAPTURE_AUTORELEASING = YES;
				CLANG_WARN_BOOL_CONVERSION = YES;
				CLANG_WARN_COMMA = YES;
				CLANG_WARN_CONSTANT_CONVERSION = YES;
				CLANG_WARN_DEPRECATED_OBJC_IMPLEMENTATIONS = YES;
				CLANG_WARN_DIRECT_OBJC_ISA_USAGE = YES_ERROR;
				CLANG_WARN_DOCUMENTATION_COMMENTS = YES;
				CLANG_WARN_EMPTY_BODY = YES;
				CLANG_WARN_ENUM_CONVERSION = YES;
				CLANG_WARN_INFINITE_RECURSION = YES;
				CLANG_WARN_INT_CONVERSION = YES;
				CLANG_WARN_NON_LITERAL_NULL_CONVERSION = YES;
				CLANG_WARN_OBJC_IMPLICIT_RETAIN_SELF = YES;
				CLANG_WARN_OBJC_LITERAL_CONVERSION = YES;
				CLANG_WARN_OBJC_ROOT_CLASS = YES_ERROR;
				CLANG_WARN_RANGE_LOOP_ANALYSIS = YES;
				CLANG_WARN_STRICT_PROTOTYPES = YES;
				CLANG_WARN_SUSPICIOUS_MOVE = YES;
				CLANG_WARN_UNGUARDED_AVAILABILITY = YES_AGGRESSIVE;
				CLANG_WARN_UNREACHABLE_CODE = YES;
				CLANG_WARN__DUPLICATE_METHOD_MATCH = YES;
				COPY_PHASE_STRIP = NO;
				DEBUG_INFORMATION_FORMAT = dwarf;
				ENABLE_STRICT_OBJC_MSGSEND = YES;
				ENABLE_TESTABILITY = YES;
				GCC_C_LANGUAGE_STANDARD = gnu11;
				GCC_DYNAMIC_NO_PIC = NO;
				GCC_NO_COMMON_BLOCKS = YES;
				GCC_OPTIMIZATION_LEVEL = 0;
				GCC_PREPROCESSOR_DEFINITIONS = (
					"DEBUG=1",
					"$(inherited)",
				);
				GCC_WARN_64_TO_32_BIT_CONVERSION = YES;
				GCC_WARN_ABOUT_RETURN_TYPE = YES_ERROR;
				GCC_WARN_UNDECLARED_SELECTOR = YES;
				GCC_WARN_UNINITIALIZED_AUTOS = YES_AGGRESSIVE;
				GCC_WARN_UNUSED_FUNCTION = YES;
				GCC_WARN_UNUSED_VARIABLE = YES;
				IPHONEOS_DEPLOYMENT_TARGET = 13.1;
				MTL_ENABLE_DEBUG_INFO = INCLUDE_SOURCE;
				MTL_FAST_MATH = YES;
				ONLY_ACTIVE_ARCH = YES;
				SDKROOT = iphoneos;
				SWIFT_ACTIVE_COMPILATION_CONDITIONS = DEBUG;
				SWIFT_OPTIMIZATION_LEVEL = "-Onone";
			};
			name = Debug;
		};
		C47C8121235F3D01005E4808 /* Release */ = {
			isa = XCBuildConfiguration;
			buildSettings = {
				ALWAYS_SEARCH_USER_PATHS = NO;
				CLANG_ANALYZER_NONNULL = YES;
				CLANG_ANALYZER_NUMBER_OBJECT_CONVERSION = YES_AGGRESSIVE;
				CLANG_CXX_LANGUAGE_STANDARD = "gnu++14";
				CLANG_CXX_LIBRARY = "libc++";
				CLANG_ENABLE_MODULES = YES;
				CLANG_ENABLE_OBJC_ARC = YES;
				CLANG_ENABLE_OBJC_WEAK = YES;
				CLANG_WARN_BLOCK_CAPTURE_AUTORELEASING = YES;
				CLANG_WARN_BOOL_CONVERSION = YES;
				CLANG_WARN_COMMA = YES;
				CLANG_WARN_CONSTANT_CONVERSION = YES;
				CLANG_WARN_DEPRECATED_OBJC_IMPLEMENTATIONS = YES;
				CLANG_WARN_DIRECT_OBJC_ISA_USAGE = YES_ERROR;
				CLANG_WARN_DOCUMENTATION_COMMENTS = YES;
				CLANG_WARN_EMPTY_BODY = YES;
				CLANG_WARN_ENUM_CONVERSION = YES;
				CLANG_WARN_INFINITE_RECURSION = YES;
				CLANG_WARN_INT_CONVERSION = YES;
				CLANG_WARN_NON_LITERAL_NULL_CONVERSION = YES;
				CLANG_WARN_OBJC_IMPLICIT_RETAIN_SELF = YES;
				CLANG_WARN_OBJC_LITERAL_CONVERSION = YES;
				CLANG_WARN_OBJC_ROOT_CLASS = YES_ERROR;
				CLANG_WARN_RANGE_LOOP_ANALYSIS = YES;
				CLANG_WARN_STRICT_PROTOTYPES = YES;
				CLANG_WARN_SUSPICIOUS_MOVE = YES;
				CLANG_WARN_UNGUARDED_AVAILABILITY = YES_AGGRESSIVE;
				CLANG_WARN_UNREACHABLE_CODE = YES;
				CLANG_WARN__DUPLICATE_METHOD_MATCH = YES;
				COPY_PHASE_STRIP = NO;
				DEBUG_INFORMATION_FORMAT = "dwarf-with-dsym";
				ENABLE_NS_ASSERTIONS = NO;
				ENABLE_STRICT_OBJC_MSGSEND = YES;
				GCC_C_LANGUAGE_STANDARD = gnu11;
				GCC_NO_COMMON_BLOCKS = YES;
				GCC_WARN_64_TO_32_BIT_CONVERSION = YES;
				GCC_WARN_ABOUT_RETURN_TYPE = YES_ERROR;
				GCC_WARN_UNDECLARED_SELECTOR = YES;
				GCC_WARN_UNINITIALIZED_AUTOS = YES_AGGRESSIVE;
				GCC_WARN_UNUSED_FUNCTION = YES;
				GCC_WARN_UNUSED_VARIABLE = YES;
				IPHONEOS_DEPLOYMENT_TARGET = 13.1;
				MTL_ENABLE_DEBUG_INFO = NO;
				MTL_FAST_MATH = YES;
				SDKROOT = iphoneos;
				SWIFT_COMPILATION_MODE = wholemodule;
				SWIFT_OPTIMIZATION_LEVEL = "-O";
				VALIDATE_PRODUCT = YES;
			};
			name = Release;
		};
		C47C8123235F3D01005E4808 /* Debug */ = {
			isa = XCBuildConfiguration;
			baseConfigurationReference = 09F8451F936FEA073F30CE6F /* Pods-Walking and Talking.debug.xcconfig */;
			buildSettings = {
				ASSETCATALOG_COMPILER_APPICON_NAME = AppIcon;
				CODE_SIGN_STYLE = Automatic;
				DEVELOPMENT_TEAM = 55738Z777S;
				INFOPLIST_FILE = "Walking and Talking/Info.plist";
				IPHONEOS_DEPLOYMENT_TARGET = 13.0;
				LD_RUNPATH_SEARCH_PATHS = (
					"$(inherited)",
					"@executable_path/Frameworks",
				);
				PRODUCT_BUNDLE_IDENTIFIER = "kieranwaugh.Walking-and-Talking";
				PRODUCT_NAME = "$(TARGET_NAME)";
				SWIFT_VERSION = 5.0;
				TARGETED_DEVICE_FAMILY = "1,2";
			};
			name = Debug;
		};
		C47C8124235F3D01005E4808 /* Release */ = {
			isa = XCBuildConfiguration;
			baseConfigurationReference = CB48AAFD4E37B80EDC7CBF0B /* Pods-Walking and Talking.release.xcconfig */;
			buildSettings = {
				ASSETCATALOG_COMPILER_APPICON_NAME = AppIcon;
				CODE_SIGN_STYLE = Automatic;
				DEVELOPMENT_TEAM = 55738Z777S;
				INFOPLIST_FILE = "Walking and Talking/Info.plist";
				IPHONEOS_DEPLOYMENT_TARGET = 13.0;
				LD_RUNPATH_SEARCH_PATHS = (
					"$(inherited)",
					"@executable_path/Frameworks",
				);
				PRODUCT_BUNDLE_IDENTIFIER = "kieranwaugh.Walking-and-Talking";
				PRODUCT_NAME = "$(TARGET_NAME)";
				SWIFT_VERSION = 5.0;
				TARGETED_DEVICE_FAMILY = "1,2";
			};
			name = Release;
		};
		C47C8126235F3D01005E4808 /* Debug */ = {
			isa = XCBuildConfiguration;
			baseConfigurationReference = 22F1B769D59801FADA9141BA /* Pods-Walking and TalkingTests.debug.xcconfig */;
			buildSettings = {
				ALWAYS_EMBED_SWIFT_STANDARD_LIBRARIES = YES;
				BUNDLE_LOADER = "$(TEST_HOST)";
				CODE_SIGN_STYLE = Automatic;
				DEVELOPMENT_TEAM = 55738Z777S;
				INFOPLIST_FILE = "Walking and TalkingTests/Info.plist";
				IPHONEOS_DEPLOYMENT_TARGET = 13.1;
				LD_RUNPATH_SEARCH_PATHS = (
					"$(inherited)",
					"@executable_path/Frameworks",
					"@loader_path/Frameworks",
				);
				PRODUCT_BUNDLE_IDENTIFIER = "kieranwaugh.Walking-and-TalkingTests";
				PRODUCT_NAME = "$(TARGET_NAME)";
				SWIFT_VERSION = 5.0;
				TARGETED_DEVICE_FAMILY = "1,2";
				TEST_HOST = "$(BUILT_PRODUCTS_DIR)/Walking and Talking.app/Walking and Talking";
			};
			name = Debug;
		};
		C47C8127235F3D01005E4808 /* Release */ = {
			isa = XCBuildConfiguration;
			baseConfigurationReference = 17D52C66494EC7CF949B7AFB /* Pods-Walking and TalkingTests.release.xcconfig */;
			buildSettings = {
				ALWAYS_EMBED_SWIFT_STANDARD_LIBRARIES = YES;
				BUNDLE_LOADER = "$(TEST_HOST)";
				CODE_SIGN_STYLE = Automatic;
				DEVELOPMENT_TEAM = 55738Z777S;
				INFOPLIST_FILE = "Walking and TalkingTests/Info.plist";
				IPHONEOS_DEPLOYMENT_TARGET = 13.1;
				LD_RUNPATH_SEARCH_PATHS = (
					"$(inherited)",
					"@executable_path/Frameworks",
					"@loader_path/Frameworks",
				);
				PRODUCT_BUNDLE_IDENTIFIER = "kieranwaugh.Walking-and-TalkingTests";
				PRODUCT_NAME = "$(TARGET_NAME)";
				SWIFT_VERSION = 5.0;
				TARGETED_DEVICE_FAMILY = "1,2";
				TEST_HOST = "$(BUILT_PRODUCTS_DIR)/Walking and Talking.app/Walking and Talking";
			};
			name = Release;
		};
		C47C8129235F3D01005E4808 /* Debug */ = {
			isa = XCBuildConfiguration;
			baseConfigurationReference = 7927A640DB542E946E42DF42 /* Pods-Walking and Talking-Walking and TalkingUITests.debug.xcconfig */;
			buildSettings = {
				ALWAYS_EMBED_SWIFT_STANDARD_LIBRARIES = YES;
				CODE_SIGN_STYLE = Automatic;
				DEVELOPMENT_TEAM = 55738Z777S;
				INFOPLIST_FILE = "Walking and TalkingUITests/Info.plist";
				LD_RUNPATH_SEARCH_PATHS = (
					"$(inherited)",
					"@executable_path/Frameworks",
					"@loader_path/Frameworks",
				);
				PRODUCT_BUNDLE_IDENTIFIER = "kieranwaugh.Walking-and-TalkingUITests";
				PRODUCT_NAME = "$(TARGET_NAME)";
				SWIFT_VERSION = 5.0;
				TARGETED_DEVICE_FAMILY = "1,2";
				TEST_TARGET_NAME = "Walking and Talking";
			};
			name = Debug;
		};
		C47C812A235F3D01005E4808 /* Release */ = {
			isa = XCBuildConfiguration;
			baseConfigurationReference = 7FE1F3BAD32ED8EEAB03AB57 /* Pods-Walking and Talking-Walking and TalkingUITests.release.xcconfig */;
			buildSettings = {
				ALWAYS_EMBED_SWIFT_STANDARD_LIBRARIES = YES;
				CODE_SIGN_STYLE = Automatic;
				DEVELOPMENT_TEAM = 55738Z777S;
				INFOPLIST_FILE = "Walking and TalkingUITests/Info.plist";
				LD_RUNPATH_SEARCH_PATHS = (
					"$(inherited)",
					"@executable_path/Frameworks",
					"@loader_path/Frameworks",
				);
				PRODUCT_BUNDLE_IDENTIFIER = "kieranwaugh.Walking-and-TalkingUITests";
				PRODUCT_NAME = "$(TARGET_NAME)";
				SWIFT_VERSION = 5.0;
				TARGETED_DEVICE_FAMILY = "1,2";
				TEST_TARGET_NAME = "Walking and Talking";
			};
			name = Release;
		};
/* End XCBuildConfiguration section */

/* Begin XCConfigurationList section */
		C47C80F1235F3CF6005E4808 /* Build configuration list for PBXProject "Walking and Talking" */ = {
			isa = XCConfigurationList;
			buildConfigurations = (
				C47C8120235F3D01005E4808 /* Debug */,
				C47C8121235F3D01005E4808 /* Release */,
			);
			defaultConfigurationIsVisible = 0;
			defaultConfigurationName = Release;
		};
		C47C8122235F3D01005E4808 /* Build configuration list for PBXNativeTarget "Walking and Talking" */ = {
			isa = XCConfigurationList;
			buildConfigurations = (
				C47C8123235F3D01005E4808 /* Debug */,
				C47C8124235F3D01005E4808 /* Release */,
			);
			defaultConfigurationIsVisible = 0;
			defaultConfigurationName = Release;
		};
		C47C8125235F3D01005E4808 /* Build configuration list for PBXNativeTarget "Walking and TalkingTests" */ = {
			isa = XCConfigurationList;
			buildConfigurations = (
				C47C8126235F3D01005E4808 /* Debug */,
				C47C8127235F3D01005E4808 /* Release */,
			);
			defaultConfigurationIsVisible = 0;
			defaultConfigurationName = Release;
		};
		C47C8128235F3D01005E4808 /* Build configuration list for PBXNativeTarget "Walking and TalkingUITests" */ = {
			isa = XCConfigurationList;
			buildConfigurations = (
				C47C8129235F3D01005E4808 /* Debug */,
				C47C812A235F3D01005E4808 /* Release */,
			);
			defaultConfigurationIsVisible = 0;
			defaultConfigurationName = Release;
		};
/* End XCConfigurationList section */
	};
	rootObject = C47C80EE235F3CF6005E4808 /* Project object */;
}
